
Microsoft Visual Studio Solution File, Format Version 12.00
# Visual Studio 15
VisualStudioVersion = 15.0.26228.4
MinimumVisualStudioVersion = 10.0.40219.1
Project("{2150E333-8FDC-42A3-9474-1A3956D46DE8}") = ".nuget", ".nuget", "{DFA48E27-7D53-4955-A722-3D91A7119BE7}"
	ProjectSection(SolutionItems) = preProject
		.nuget\NuGet.Config = .nuget\NuGet.Config
		.nuget\NuGet.exe = .nuget\NuGet.exe
		.nuget\NuGet.targets = .nuget\NuGet.targets
	EndProjectSection
EndProject
Project("{2150E333-8FDC-42A3-9474-1A3956D46DE8}") = "Tests", "Tests", "{67BE60D5-7E45-4079-B46D-B037BD5A236D}"
EndProject
Project("{FAE04EC0-301F-11D3-BF4B-00C04F79EFBC}") = "TG.UBP.Tests", "Tests\TG.UBP.Tests\TG.UBP.Tests.csproj", "{7F0AE638-2772-445B-B198-6CF9D7E2C8AC}"
EndProject
Project("{FAE04EC0-301F-11D3-BF4B-00C04F79EFBC}") = "TG.UBP.WebApi", "TG.UBP.WebApi\TG.UBP.WebApi.csproj", "{5EB52D3D-09FD-463A-B02A-8D9856BD3724}"
EndProject
Project("{FAE04EC0-301F-11D3-BF4B-00C04F79EFBC}") = "TG.UBP.Web", "TG.UBP.Web\TG.UBP.Web.csproj", "{897F6FD8-6F90-48E4-95A5-B4429B896205}"
EndProject
Project("{FAE04EC0-301F-11D3-BF4B-00C04F79EFBC}") = "TG.UBP.Core", "TG.UBP.Core\TG.UBP.Core.csproj", "{17298EA0-AF73-4F30-B6F1-2066100D7D74}"
EndProject
Project("{FAE04EC0-301F-11D3-BF4B-00C04F79EFBC}") = "TG.UBP.Application", "TG.UBP.Application\TG.UBP.Application.csproj", "{EDF5D964-4C0F-4F19-B674-58A38A5E5401}"
EndProject
Project("{FAE04EC0-301F-11D3-BF4B-00C04F79EFBC}") = "TG.UBP.EntityFramework", "TG.UBP.EntityFramework\TG.UBP.EntityFramework.csproj", "{3979F157-DEB0-4878-AB1D-4CEF6B5A1300}"
EndProject
Project("{2150E333-8FDC-42A3-9474-1A3956D46DE8}") = "Tools", "Tools", "{05F773EC-8A60-4889-BB58-7B4E742D1CD5}"
EndProject
Project("{FAE04EC0-301F-11D3-BF4B-00C04F79EFBC}") = "TG.UBP.Migrator", "Tools\TG.UBP.Migrator\TG.UBP.Migrator.csproj", "{B156DA32-D231-43B8-AE22-61C0C6B9F517}"
EndProject
Project("{2150E333-8FDC-42A3-9474-1A3956D46DE8}") = "Abp.Zero", "Abp.Zero", "{E421F14D-047F-42BA-9AE0-9EE2ABFC1352}"
EndProject
Project("{2150E333-8FDC-42A3-9474-1A3956D46DE8}") = "Abp", "Abp", "{246F1C9F-6A01-4663-B169-B7DDD2BFC3A0}"
EndProject
Project("{9A19103F-16F7-4668-BE54-9A1E7A4F7556}") = "Abp", "..\aspnetboilerplate\src\Abp\Abp.csproj", "{F22EF63B-912E-4E77-802B-AAD256C0FF99}"
EndProject
Project("{9A19103F-16F7-4668-BE54-9A1E7A4F7556}") = "Abp.AspNetCore", "..\aspnetboilerplate\src\Abp.AspNetCore\Abp.AspNetCore.csproj", "{A4FD65F6-2F4B-416E-B8F3-DDE2EA908E06}"
EndProject
Project("{9A19103F-16F7-4668-BE54-9A1E7A4F7556}") = "Abp.AspNetCore.TestBase", "..\aspnetboilerplate\src\Abp.AspNetCore.TestBase\Abp.AspNetCore.TestBase.csproj", "{A83C11FA-61A2-4A80-9BC2-4B64E7B3AF60}"
EndProject
Project("{9A19103F-16F7-4668-BE54-9A1E7A4F7556}") = "Abp.AutoMapper", "..\aspnetboilerplate\src\Abp.AutoMapper\Abp.AutoMapper.csproj", "{4FDF7A22-3307-4F7C-A2A4-BDE946F22DDF}"
EndProject
Project("{9A19103F-16F7-4668-BE54-9A1E7A4F7556}") = "Abp.Castle.Log4Net", "..\aspnetboilerplate\src\Abp.Castle.Log4Net\Abp.Castle.Log4Net.csproj", "{45AE2F29-021A-4810-8EFB-CFA71E6E3A28}"
EndProject
Project("{9A19103F-16F7-4668-BE54-9A1E7A4F7556}") = "Abp.Dapper", "..\aspnetboilerplate\src\Abp.Dapper\Abp.Dapper.csproj", "{237C8835-C45D-4D7E-8D1E-EC88754E77C6}"
EndProject
Project("{9A19103F-16F7-4668-BE54-9A1E7A4F7556}") = "Abp.EntityFramework", "..\aspnetboilerplate\src\Abp.EntityFramework\Abp.EntityFramework.csproj", "{E647EBB8-EDD5-47BC-BA94-7F630D4DF29A}"
EndProject
Project("{9A19103F-16F7-4668-BE54-9A1E7A4F7556}") = "Abp.EntityFramework.Common", "..\aspnetboilerplate\src\Abp.EntityFramework.Common\Abp.EntityFramework.Common.csproj", "{ACC6DB85-9EA2-4D49-9A43-DD7CCECB78D7}"
EndProject
Project("{9A19103F-16F7-4668-BE54-9A1E7A4F7556}") = "Abp.EntityFramework.GraphDiff", "..\aspnetboilerplate\src\Abp.EntityFramework.GraphDiff\Abp.EntityFramework.GraphDiff.csproj", "{2EF540B9-148F-46F3-BBD0-4A1D9A7D5AAB}"
EndProject
Project("{9A19103F-16F7-4668-BE54-9A1E7A4F7556}") = "Abp.EntityFrameworkCore", "..\aspnetboilerplate\src\Abp.EntityFrameworkCore\Abp.EntityFrameworkCore.csproj", "{337AE012-49BD-4964-BD02-B391CF6A4871}"
EndProject
Project("{9A19103F-16F7-4668-BE54-9A1E7A4F7556}") = "Abp.FluentMigrator", "..\aspnetboilerplate\src\Abp.FluentMigrator\Abp.FluentMigrator.csproj", "{467AB08B-781B-47D6-A0F6-1AAEE1BAB8B0}"
EndProject
Project("{9A19103F-16F7-4668-BE54-9A1E7A4F7556}") = "Abp.MailKit", "..\aspnetboilerplate\src\Abp.MailKit\Abp.MailKit.csproj", "{C684FC7D-FEC6-4A70-93EE-9A15AB8CE87B}"
EndProject
Project("{9A19103F-16F7-4668-BE54-9A1E7A4F7556}") = "Abp.MemoryDb", "..\aspnetboilerplate\src\Abp.MemoryDb\Abp.MemoryDb.csproj", "{FA8817C1-592E-46E3-BF0E-1DDBE3E94157}"
EndProject
Project("{9A19103F-16F7-4668-BE54-9A1E7A4F7556}") = "Abp.MongoDB", "..\aspnetboilerplate\src\Abp.MongoDB\Abp.MongoDB.csproj", "{30EE03A5-1E23-4EB0-8972-1C98B91CE1FE}"
EndProject
Project("{9A19103F-16F7-4668-BE54-9A1E7A4F7556}") = "Abp.NHibernate", "..\aspnetboilerplate\src\Abp.NHibernate\Abp.NHibernate.csproj", "{DDC9F892-E2D7-4AF0-88C7-4A62DA96F7BA}"
EndProject
Project("{9A19103F-16F7-4668-BE54-9A1E7A4F7556}") = "Abp.HangFire", "..\aspnetboilerplate\src\Abp.HangFire\Abp.HangFire.csproj", "{E9A078B5-8340-425E-B7B8-D3D5F390D50A}"
EndProject
Project("{9A19103F-16F7-4668-BE54-9A1E7A4F7556}") = "Abp.HangFire.AspNetCore", "..\aspnetboilerplate\src\Abp.HangFire.AspNetCore\Abp.HangFire.AspNetCore.csproj", "{32B9B7CD-0093-46A7-9343-F2FEAA3FD86C}"
EndProject
Project("{9A19103F-16F7-4668-BE54-9A1E7A4F7556}") = "Abp.Owin", "..\aspnetboilerplate\src\Abp.Owin\Abp.Owin.csproj", "{857030D7-1991-4305-AE4C-32972A9A32BF}"
EndProject
Project("{9A19103F-16F7-4668-BE54-9A1E7A4F7556}") = "Abp.Quartz", "..\aspnetboilerplate\src\Abp.Quartz\Abp.Quartz.csproj", "{69B7DB24-BF5F-42CF-9A06-11A0C0D7E3E5}"
EndProject
Project("{9A19103F-16F7-4668-BE54-9A1E7A4F7556}") = "Abp.RedisCache", "..\aspnetboilerplate\src\Abp.RedisCache\Abp.RedisCache.csproj", "{773382A6-4CEC-4BAA-B745-66193E509750}"
EndProject
Project("{9A19103F-16F7-4668-BE54-9A1E7A4F7556}") = "Abp.RedisCache.ProtoBuf", "..\aspnetboilerplate\src\Abp.RedisCache.ProtoBuf\Abp.RedisCache.ProtoBuf.csproj", "{26D9E7E2-0202-438B-956B-BCF6444F8E06}"
EndProject
Project("{9A19103F-16F7-4668-BE54-9A1E7A4F7556}") = "Abp.TestBase", "..\aspnetboilerplate\src\Abp.TestBase\Abp.TestBase.csproj", "{9200A11F-E229-4622-B80E-895BCAF4D00C}"
EndProject
Project("{9A19103F-16F7-4668-BE54-9A1E7A4F7556}") = "Abp.Web", "..\aspnetboilerplate\src\Abp.Web\Abp.Web.csproj", "{A87FFD4E-AE4B-4D42-9E65-8494C943631C}"
EndProject
Project("{9A19103F-16F7-4668-BE54-9A1E7A4F7556}") = "Abp.Web.Api", "..\aspnetboilerplate\src\Abp.Web.Api\Abp.Web.Api.csproj", "{E73DAA65-2A6B-4B76-B611-C40675E9EE5F}"
EndProject
Project("{9A19103F-16F7-4668-BE54-9A1E7A4F7556}") = "Abp.Web.Api.OData", "..\aspnetboilerplate\src\Abp.Web.Api.OData\Abp.Web.Api.OData.csproj", "{E0DCC1B9-8BC4-4324-9DB0-649D763F2E2C}"
EndProject
Project("{9A19103F-16F7-4668-BE54-9A1E7A4F7556}") = "Abp.Web.Common", "..\aspnetboilerplate\src\Abp.Web.Common\Abp.Web.Common.csproj", "{FCCD5C34-5767-4A4C-9064-1F00D07242AF}"
EndProject
Project("{9A19103F-16F7-4668-BE54-9A1E7A4F7556}") = "Abp.Web.Mvc", "..\aspnetboilerplate\src\Abp.Web.Mvc\Abp.Web.Mvc.csproj", "{0BD12ABA-C7FB-469A-B2D0-F004C97C090C}"
EndProject
Project("{9A19103F-16F7-4668-BE54-9A1E7A4F7556}") = "Abp.Web.Resources", "..\aspnetboilerplate\src\Abp.Web.Resources\Abp.Web.Resources.csproj", "{0DF7BB8E-EA48-4CFF-BEE4-AA1CC412D49A}"
EndProject
Project("{9A19103F-16F7-4668-BE54-9A1E7A4F7556}") = "Abp.Web.SignalR", "..\aspnetboilerplate\src\Abp.Web.SignalR\Abp.Web.SignalR.csproj", "{A05650DC-7FFF-441A-AC85-08A217F36C1F}"
EndProject
Project("{9A19103F-16F7-4668-BE54-9A1E7A4F7556}") = "Abp.Zero", "..\module-zero\src\Abp.Zero\Abp.Zero.csproj", "{E2E1A235-AFAF-4EB2-96B0-E2E8C4E8F44C}"
EndProject
Project("{9A19103F-16F7-4668-BE54-9A1E7A4F7556}") = "Abp.Zero.AspNetCore", "..\module-zero\src\Abp.Zero.AspNetCore\Abp.Zero.AspNetCore.csproj", "{FDD5E5B5-5EC9-4C3B-9828-F4264AAD451D}"
EndProject
Project("{9A19103F-16F7-4668-BE54-9A1E7A4F7556}") = "Abp.Zero.Common", "..\module-zero\src\Abp.Zero.Common\Abp.Zero.Common.csproj", "{E7B0848E-A1F3-4533-8DA4-C6B2DB2998F2}"
EndProject
Project("{9A19103F-16F7-4668-BE54-9A1E7A4F7556}") = "Abp.Zero.EntityFramework", "..\module-zero\src\Abp.Zero.EntityFramework\Abp.Zero.EntityFramework.csproj", "{1EE9CDA2-719F-4EC9-BA25-704EA75E56F0}"
EndProject
Project("{9A19103F-16F7-4668-BE54-9A1E7A4F7556}") = "Abp.Zero.EntityFrameworkCore", "..\module-zero\src\Abp.Zero.EntityFrameworkCore\Abp.Zero.EntityFrameworkCore.csproj", "{AA74D7DB-6FA2-41F7-ADAC-B91010D196CE}"
EndProject
Project("{9A19103F-16F7-4668-BE54-9A1E7A4F7556}") = "Abp.Zero.Ldap", "..\module-zero\src\Abp.Zero.Ldap\Abp.Zero.Ldap.csproj", "{E6465D57-7D51-44D6-98DD-170CDBE55610}"
EndProject
Project("{9A19103F-16F7-4668-BE54-9A1E7A4F7556}") = "Abp.Zero.NHibernate", "..\module-zero\src\Abp.Zero.NHibernate\Abp.Zero.NHibernate.csproj", "{3D24FD02-9101-4AA3-85FD-4AB1B0320335}"
EndProject
Project("{9A19103F-16F7-4668-BE54-9A1E7A4F7556}") = "Abp.Zero.Owin", "..\module-zero\src\Abp.Zero.Owin\Abp.Zero.Owin.csproj", "{EA50E984-2AF3-4B8B-BBC2-BE26F7BED278}"
EndProject
Project("{9A19103F-16F7-4668-BE54-9A1E7A4F7556}") = "Abp.ZeroCore", "..\module-zero\src\Abp.ZeroCore\Abp.ZeroCore.csproj", "{BB1D053D-097A-4F73-B369-CDA23A3C7FEA}"
EndProject
Project("{9A19103F-16F7-4668-BE54-9A1E7A4F7556}") = "Abp.ZeroCore.EntityFrameworkCore", "..\module-zero\src\Abp.ZeroCore.EntityFrameworkCore\Abp.ZeroCore.EntityFrameworkCore.csproj", "{CB41EE81-81D9-43B0-ADBF-472A6D423811}"
EndProject
Project("{9A19103F-16F7-4668-BE54-9A1E7A4F7556}") = "Abp.ZeroCore.IdentityServer4", "..\module-zero\src\Abp.ZeroCore.IdentityServer4\Abp.ZeroCore.IdentityServer4.csproj", "{E46CEBE9-8FA2-415B-97BA-CBD7C2A360FA}"
EndProject
Project("{9A19103F-16F7-4668-BE54-9A1E7A4F7556}") = "Abp.ZeroCore.IdentityServer4.EntityFrameworkCore", "..\module-zero\src\Abp.ZeroCore.IdentityServer4.EntityFrameworkCore\Abp.ZeroCore.IdentityServer4.EntityFrameworkCore.csproj", "{65DDFDF4-FAF4-4A0C-8E82-7B76B2FD24C0}"
EndProject
Global
	GlobalSection(SolutionConfigurationPlatforms) = preSolution
		Debug|Any CPU = Debug|Any CPU
		Release|Any CPU = Release|Any CPU
	EndGlobalSection
	GlobalSection(ProjectConfigurationPlatforms) = postSolution
		{7F0AE638-2772-445B-B198-6CF9D7E2C8AC}.Debug|Any CPU.ActiveCfg = Debug|Any CPU
		{7F0AE638-2772-445B-B198-6CF9D7E2C8AC}.Debug|Any CPU.Build.0 = Debug|Any CPU
		{7F0AE638-2772-445B-B198-6CF9D7E2C8AC}.Release|Any CPU.ActiveCfg = Release|Any CPU
		{7F0AE638-2772-445B-B198-6CF9D7E2C8AC}.Release|Any CPU.Build.0 = Release|Any CPU
		{5EB52D3D-09FD-463A-B02A-8D9856BD3724}.Debug|Any CPU.ActiveCfg = Debug|Any CPU
		{5EB52D3D-09FD-463A-B02A-8D9856BD3724}.Debug|Any CPU.Build.0 = Debug|Any CPU
		{5EB52D3D-09FD-463A-B02A-8D9856BD3724}.Release|Any CPU.ActiveCfg = Release|Any CPU
		{5EB52D3D-09FD-463A-B02A-8D9856BD3724}.Release|Any CPU.Build.0 = Release|Any CPU
		{897F6FD8-6F90-48E4-95A5-B4429B896205}.Debug|Any CPU.ActiveCfg = Debug|Any CPU
		{897F6FD8-6F90-48E4-95A5-B4429B896205}.Debug|Any CPU.Build.0 = Debug|Any CPU
		{897F6FD8-6F90-48E4-95A5-B4429B896205}.Release|Any CPU.ActiveCfg = Release|Any CPU
		{897F6FD8-6F90-48E4-95A5-B4429B896205}.Release|Any CPU.Build.0 = Release|Any CPU
		{17298EA0-AF73-4F30-B6F1-2066100D7D74}.Debug|Any CPU.ActiveCfg = Debug|Any CPU
		{17298EA0-AF73-4F30-B6F1-2066100D7D74}.Debug|Any CPU.Build.0 = Debug|Any CPU
		{17298EA0-AF73-4F30-B6F1-2066100D7D74}.Release|Any CPU.ActiveCfg = Release|Any CPU
		{17298EA0-AF73-4F30-B6F1-2066100D7D74}.Release|Any CPU.Build.0 = Release|Any CPU
		{EDF5D964-4C0F-4F19-B674-58A38A5E5401}.Debug|Any CPU.ActiveCfg = Debug|Any CPU
		{EDF5D964-4C0F-4F19-B674-58A38A5E5401}.Debug|Any CPU.Build.0 = Debug|Any CPU
		{EDF5D964-4C0F-4F19-B674-58A38A5E5401}.Release|Any CPU.ActiveCfg = Release|Any CPU
		{EDF5D964-4C0F-4F19-B674-58A38A5E5401}.Release|Any CPU.Build.0 = Release|Any CPU
		{3979F157-DEB0-4878-AB1D-4CEF6B5A1300}.Debug|Any CPU.ActiveCfg = Debug|Any CPU
		{3979F157-DEB0-4878-AB1D-4CEF6B5A1300}.Debug|Any CPU.Build.0 = Debug|Any CPU
		{3979F157-DEB0-4878-AB1D-4CEF6B5A1300}.Release|Any CPU.ActiveCfg = Release|Any CPU
		{3979F157-DEB0-4878-AB1D-4CEF6B5A1300}.Release|Any CPU.Build.0 = Release|Any CPU
		{B156DA32-D231-43B8-AE22-61C0C6B9F517}.Debug|Any CPU.ActiveCfg = Debug|Any CPU
		{B156DA32-D231-43B8-AE22-61C0C6B9F517}.Debug|Any CPU.Build.0 = Debug|Any CPU
		{B156DA32-D231-43B8-AE22-61C0C6B9F517}.Release|Any CPU.ActiveCfg = Release|Any CPU
		{B156DA32-D231-43B8-AE22-61C0C6B9F517}.Release|Any CPU.Build.0 = Release|Any CPU
		{F22EF63B-912E-4E77-802B-AAD256C0FF99}.Debug|Any CPU.ActiveCfg = Debug|Any CPU
		{F22EF63B-912E-4E77-802B-AAD256C0FF99}.Release|Any CPU.ActiveCfg = Release|Any CPU
		{F22EF63B-912E-4E77-802B-AAD256C0FF99}.Release|Any CPU.Build.0 = Release|Any CPU
		{A4FD65F6-2F4B-416E-B8F3-DDE2EA908E06}.Debug|Any CPU.ActiveCfg = Debug|Any CPU
		{A4FD65F6-2F4B-416E-B8F3-DDE2EA908E06}.Release|Any CPU.ActiveCfg = Release|Any CPU
		{A4FD65F6-2F4B-416E-B8F3-DDE2EA908E06}.Release|Any CPU.Build.0 = Release|Any CPU
		{A83C11FA-61A2-4A80-9BC2-4B64E7B3AF60}.Debug|Any CPU.ActiveCfg = Debug|Any CPU
		{A83C11FA-61A2-4A80-9BC2-4B64E7B3AF60}.Release|Any CPU.ActiveCfg = Release|Any CPU
		{A83C11FA-61A2-4A80-9BC2-4B64E7B3AF60}.Release|Any CPU.Build.0 = Release|Any CPU
		{4FDF7A22-3307-4F7C-A2A4-BDE946F22DDF}.Debug|Any CPU.ActiveCfg = Debug|Any CPU
		{4FDF7A22-3307-4F7C-A2A4-BDE946F22DDF}.Release|Any CPU.ActiveCfg = Release|Any CPU
		{4FDF7A22-3307-4F7C-A2A4-BDE946F22DDF}.Release|Any CPU.Build.0 = Release|Any CPU
		{45AE2F29-021A-4810-8EFB-CFA71E6E3A28}.Debug|Any CPU.ActiveCfg = Debug|Any CPU
		{45AE2F29-021A-4810-8EFB-CFA71E6E3A28}.Release|Any CPU.ActiveCfg = Release|Any CPU
		{45AE2F29-021A-4810-8EFB-CFA71E6E3A28}.Release|Any CPU.Build.0 = Release|Any CPU
		{237C8835-C45D-4D7E-8D1E-EC88754E77C6}.Debug|Any CPU.ActiveCfg = Debug|Any CPU
		{237C8835-C45D-4D7E-8D1E-EC88754E77C6}.Release|Any CPU.ActiveCfg = Release|Any CPU
		{237C8835-C45D-4D7E-8D1E-EC88754E77C6}.Release|Any CPU.Build.0 = Release|Any CPU
		{E647EBB8-EDD5-47BC-BA94-7F630D4DF29A}.Debug|Any CPU.ActiveCfg = Debug|Any CPU
		{E647EBB8-EDD5-47BC-BA94-7F630D4DF29A}.Release|Any CPU.ActiveCfg = Release|Any CPU
		{E647EBB8-EDD5-47BC-BA94-7F630D4DF29A}.Release|Any CPU.Build.0 = Release|Any CPU
		{ACC6DB85-9EA2-4D49-9A43-DD7CCECB78D7}.Debug|Any CPU.ActiveCfg = Debug|Any CPU
		{ACC6DB85-9EA2-4D49-9A43-DD7CCECB78D7}.Release|Any CPU.ActiveCfg = Release|Any CPU
		{ACC6DB85-9EA2-4D49-9A43-DD7CCECB78D7}.Release|Any CPU.Build.0 = Release|Any CPU
		{2EF540B9-148F-46F3-BBD0-4A1D9A7D5AAB}.Debug|Any CPU.ActiveCfg = Debug|Any CPU
		{2EF540B9-148F-46F3-BBD0-4A1D9A7D5AAB}.Release|Any CPU.ActiveCfg = Release|Any CPU
		{2EF540B9-148F-46F3-BBD0-4A1D9A7D5AAB}.Release|Any CPU.Build.0 = Release|Any CPU
		{337AE012-49BD-4964-BD02-B391CF6A4871}.Debug|Any CPU.ActiveCfg = Debug|Any CPU
		{337AE012-49BD-4964-BD02-B391CF6A4871}.Release|Any CPU.ActiveCfg = Release|Any CPU
		{337AE012-49BD-4964-BD02-B391CF6A4871}.Release|Any CPU.Build.0 = Release|Any CPU
		{467AB08B-781B-47D6-A0F6-1AAEE1BAB8B0}.Debug|Any CPU.ActiveCfg = Debug|Any CPU
		{467AB08B-781B-47D6-A0F6-1AAEE1BAB8B0}.Release|Any CPU.ActiveCfg = Release|Any CPU
		{467AB08B-781B-47D6-A0F6-1AAEE1BAB8B0}.Release|Any CPU.Build.0 = Release|Any CPU
		{C684FC7D-FEC6-4A70-93EE-9A15AB8CE87B}.Debug|Any CPU.ActiveCfg = Debug|Any CPU
		{C684FC7D-FEC6-4A70-93EE-9A15AB8CE87B}.Release|Any CPU.ActiveCfg = Release|Any CPU
		{C684FC7D-FEC6-4A70-93EE-9A15AB8CE87B}.Release|Any CPU.Build.0 = Release|Any CPU
		{FA8817C1-592E-46E3-BF0E-1DDBE3E94157}.Debug|Any CPU.ActiveCfg = Debug|Any CPU
		{FA8817C1-592E-46E3-BF0E-1DDBE3E94157}.Release|Any CPU.ActiveCfg = Release|Any CPU
		{FA8817C1-592E-46E3-BF0E-1DDBE3E94157}.Release|Any CPU.Build.0 = Release|Any CPU
		{30EE03A5-1E23-4EB0-8972-1C98B91CE1FE}.Debug|Any CPU.ActiveCfg = Debug|Any CPU
		{30EE03A5-1E23-4EB0-8972-1C98B91CE1FE}.Release|Any CPU.ActiveCfg = Release|Any CPU
		{30EE03A5-1E23-4EB0-8972-1C98B91CE1FE}.Release|Any CPU.Build.0 = Release|Any CPU
		{DDC9F892-E2D7-4AF0-88C7-4A62DA96F7BA}.Debug|Any CPU.ActiveCfg = Debug|Any CPU
		{DDC9F892-E2D7-4AF0-88C7-4A62DA96F7BA}.Release|Any CPU.ActiveCfg = Release|Any CPU
		{DDC9F892-E2D7-4AF0-88C7-4A62DA96F7BA}.Release|Any CPU.Build.0 = Release|Any CPU
		{E9A078B5-8340-425E-B7B8-D3D5F390D50A}.Debug|Any CPU.ActiveCfg = Debug|Any CPU
		{E9A078B5-8340-425E-B7B8-D3D5F390D50A}.Release|Any CPU.ActiveCfg = Release|Any CPU
		{E9A078B5-8340-425E-B7B8-D3D5F390D50A}.Release|Any CPU.Build.0 = Release|Any CPU
		{32B9B7CD-0093-46A7-9343-F2FEAA3FD86C}.Debug|Any CPU.ActiveCfg = Debug|Any CPU
		{32B9B7CD-0093-46A7-9343-F2FEAA3FD86C}.Release|Any CPU.ActiveCfg = Release|Any CPU
		{32B9B7CD-0093-46A7-9343-F2FEAA3FD86C}.Release|Any CPU.Build.0 = Release|Any CPU
		{857030D7-1991-4305-AE4C-32972A9A32BF}.Debug|Any CPU.ActiveCfg = Debug|Any CPU
		{857030D7-1991-4305-AE4C-32972A9A32BF}.Release|Any CPU.ActiveCfg = Release|Any CPU
		{857030D7-1991-4305-AE4C-32972A9A32BF}.Release|Any CPU.Build.0 = Release|Any CPU
		{69B7DB24-BF5F-42CF-9A06-11A0C0D7E3E5}.Debug|Any CPU.ActiveCfg = Debug|Any CPU
		{69B7DB24-BF5F-42CF-9A06-11A0C0D7E3E5}.Release|Any CPU.ActiveCfg = Release|Any CPU
		{69B7DB24-BF5F-42CF-9A06-11A0C0D7E3E5}.Release|Any CPU.Build.0 = Release|Any CPU
		{773382A6-4CEC-4BAA-B745-66193E509750}.Debug|Any CPU.ActiveCfg = Debug|Any CPU
		{773382A6-4CEC-4BAA-B745-66193E509750}.Release|Any CPU.ActiveCfg = Release|Any CPU
		{773382A6-4CEC-4BAA-B745-66193E509750}.Release|Any CPU.Build.0 = Release|Any CPU
		{26D9E7E2-0202-438B-956B-BCF6444F8E06}.Debug|Any CPU.ActiveCfg = Debug|Any CPU
		{26D9E7E2-0202-438B-956B-BCF6444F8E06}.Release|Any CPU.ActiveCfg = Release|Any CPU
		{26D9E7E2-0202-438B-956B-BCF6444F8E06}.Release|Any CPU.Build.0 = Release|Any CPU
		{9200A11F-E229-4622-B80E-895BCAF4D00C}.Debug|Any CPU.ActiveCfg = Debug|Any CPU
		{9200A11F-E229-4622-B80E-895BCAF4D00C}.Release|Any CPU.ActiveCfg = Release|Any CPU
		{9200A11F-E229-4622-B80E-895BCAF4D00C}.Release|Any CPU.Build.0 = Release|Any CPU
		{A87FFD4E-AE4B-4D42-9E65-8494C943631C}.Debug|Any CPU.ActiveCfg = Debug|Any CPU
		{A87FFD4E-AE4B-4D42-9E65-8494C943631C}.Release|Any CPU.ActiveCfg = Release|Any CPU
		{A87FFD4E-AE4B-4D42-9E65-8494C943631C}.Release|Any CPU.Build.0 = Release|Any CPU
		{E73DAA65-2A6B-4B76-B611-C40675E9EE5F}.Debug|Any CPU.ActiveCfg = Debug|Any CPU
		{E73DAA65-2A6B-4B76-B611-C40675E9EE5F}.Release|Any CPU.ActiveCfg = Release|Any CPU
		{E73DAA65-2A6B-4B76-B611-C40675E9EE5F}.Release|Any CPU.Build.0 = Release|Any CPU
		{E0DCC1B9-8BC4-4324-9DB0-649D763F2E2C}.Debug|Any CPU.ActiveCfg = Debug|Any CPU
		{E0DCC1B9-8BC4-4324-9DB0-649D763F2E2C}.Release|Any CPU.ActiveCfg = Release|Any CPU
		{E0DCC1B9-8BC4-4324-9DB0-649D763F2E2C}.Release|Any CPU.Build.0 = Release|Any CPU
		{FCCD5C34-5767-4A4C-9064-1F00D07242AF}.Debug|Any CPU.ActiveCfg = Debug|Any CPU
		{FCCD5C34-5767-4A4C-9064-1F00D07242AF}.Release|Any CPU.ActiveCfg = Release|Any CPU
		{FCCD5C34-5767-4A4C-9064-1F00D07242AF}.Release|Any CPU.Build.0 = Release|Any CPU
		{0BD12ABA-C7FB-469A-B2D0-F004C97C090C}.Debug|Any CPU.ActiveCfg = Debug|Any CPU
		{0BD12ABA-C7FB-469A-B2D0-F004C97C090C}.Release|Any CPU.ActiveCfg = Release|Any CPU
		{0BD12ABA-C7FB-469A-B2D0-F004C97C090C}.Release|Any CPU.Build.0 = Release|Any CPU
		{0DF7BB8E-EA48-4CFF-BEE4-AA1CC412D49A}.Debug|Any CPU.ActiveCfg = Debug|Any CPU
		{0DF7BB8E-EA48-4CFF-BEE4-AA1CC412D49A}.Release|Any CPU.ActiveCfg = Release|Any CPU
		{0DF7BB8E-EA48-4CFF-BEE4-AA1CC412D49A}.Release|Any CPU.Build.0 = Release|Any CPU
		{A05650DC-7FFF-441A-AC85-08A217F36C1F}.Debug|Any CPU.ActiveCfg = Debug|Any CPU
		{A05650DC-7FFF-441A-AC85-08A217F36C1F}.Release|Any CPU.ActiveCfg = Release|Any CPU
		{A05650DC-7FFF-441A-AC85-08A217F36C1F}.Release|Any CPU.Build.0 = Release|Any CPU
		{E2E1A235-AFAF-4EB2-96B0-E2E8C4E8F44C}.Debug|Any CPU.ActiveCfg = Debug|Any CPU
		{E2E1A235-AFAF-4EB2-96B0-E2E8C4E8F44C}.Release|Any CPU.ActiveCfg = Release|Any CPU
		{E2E1A235-AFAF-4EB2-96B0-E2E8C4E8F44C}.Release|Any CPU.Build.0 = Release|Any CPU
		{FDD5E5B5-5EC9-4C3B-9828-F4264AAD451D}.Debug|Any CPU.ActiveCfg = Debug|Any CPU
		{FDD5E5B5-5EC9-4C3B-9828-F4264AAD451D}.Release|Any CPU.ActiveCfg = Release|Any CPU
		{FDD5E5B5-5EC9-4C3B-9828-F4264AAD451D}.Release|Any CPU.Build.0 = Release|Any CPU
		{E7B0848E-A1F3-4533-8DA4-C6B2DB2998F2}.Debug|Any CPU.ActiveCfg = Debug|Any CPU
		{E7B0848E-A1F3-4533-8DA4-C6B2DB2998F2}.Release|Any CPU.ActiveCfg = Release|Any CPU
		{E7B0848E-A1F3-4533-8DA4-C6B2DB2998F2}.Release|Any CPU.Build.0 = Release|Any CPU
		{1EE9CDA2-719F-4EC9-BA25-704EA75E56F0}.Debug|Any CPU.ActiveCfg = Debug|Any CPU
		{1EE9CDA2-719F-4EC9-BA25-704EA75E56F0}.Release|Any CPU.ActiveCfg = Release|Any CPU
		{1EE9CDA2-719F-4EC9-BA25-704EA75E56F0}.Release|Any CPU.Build.0 = Release|Any CPU
		{AA74D7DB-6FA2-41F7-ADAC-B91010D196CE}.Debug|Any CPU.ActiveCfg = Debug|Any CPU
		{AA74D7DB-6FA2-41F7-ADAC-B91010D196CE}.Release|Any CPU.ActiveCfg = Release|Any CPU
		{AA74D7DB-6FA2-41F7-ADAC-B91010D196CE}.Release|Any CPU.Build.0 = Release|Any CPU
		{E6465D57-7D51-44D6-98DD-170CDBE55610}.Debug|Any CPU.ActiveCfg = Debug|Any CPU
		{E6465D57-7D51-44D6-98DD-170CDBE55610}.Release|Any CPU.ActiveCfg = Release|Any CPU
		{E6465D57-7D51-44D6-98DD-170CDBE55610}.Release|Any CPU.Build.0 = Release|Any CPU
		{3D24FD02-9101-4AA3-85FD-4AB1B0320335}.Debug|Any CPU.ActiveCfg = Debug|Any CPU
		{3D24FD02-9101-4AA3-85FD-4AB1B0320335}.Release|Any CPU.ActiveCfg = Release|Any CPU
		{3D24FD02-9101-4AA3-85FD-4AB1B0320335}.Release|Any CPU.Build.0 = Release|Any CPU
		{EA50E984-2AF3-4B8B-BBC2-BE26F7BED278}.Debug|Any CPU.ActiveCfg = Debug|Any CPU
		{EA50E984-2AF3-4B8B-BBC2-BE26F7BED278}.Release|Any CPU.ActiveCfg = Release|Any CPU
		{EA50E984-2AF3-4B8B-BBC2-BE26F7BED278}.Release|Any CPU.Build.0 = Release|Any CPU
		{BB1D053D-097A-4F73-B369-CDA23A3C7FEA}.Debug|Any CPU.ActiveCfg = Debug|Any CPU
		{BB1D053D-097A-4F73-B369-CDA23A3C7FEA}.Release|Any CPU.ActiveCfg = Release|Any CPU
		{BB1D053D-097A-4F73-B369-CDA23A3C7FEA}.Release|Any CPU.Build.0 = Release|Any CPU
		{CB41EE81-81D9-43B0-ADBF-472A6D423811}.Debug|Any CPU.ActiveCfg = Debug|Any CPU
		{CB41EE81-81D9-43B0-ADBF-472A6D423811}.Release|Any CPU.ActiveCfg = Release|Any CPU
		{CB41EE81-81D9-43B0-ADBF-472A6D423811}.Release|Any CPU.Build.0 = Release|Any CPU
		{E46CEBE9-8FA2-415B-97BA-CBD7C2A360FA}.Debug|Any CPU.ActiveCfg = Debug|Any CPU
		{E46CEBE9-8FA2-415B-97BA-CBD7C2A360FA}.Release|Any CPU.ActiveCfg = Release|Any CPU
		{E46CEBE9-8FA2-415B-97BA-CBD7C2A360FA}.Release|Any CPU.Build.0 = Release|Any CPU
		{65DDFDF4-FAF4-4A0C-8E82-7B76B2FD24C0}.Debug|Any CPU.ActiveCfg = Debug|Any CPU
		{65DDFDF4-FAF4-4A0C-8E82-7B76B2FD24C0}.Release|Any CPU.ActiveCfg = Release|Any CPU
		{65DDFDF4-FAF4-4A0C-8E82-7B76B2FD24C0}.Release|Any CPU.Build.0 = Release|Any CPU
	EndGlobalSection
	GlobalSection(SolutionProperties) = preSolution
		HideSolutionNode = FALSE
	EndGlobalSection
	GlobalSection(NestedProjects) = preSolution
		{7F0AE638-2772-445B-B198-6CF9D7E2C8AC} = {67BE60D5-7E45-4079-B46D-B037BD5A236D}
		{B156DA32-D231-43B8-AE22-61C0C6B9F517} = {05F773EC-8A60-4889-BB58-7B4E742D1CD5}
		{F22EF63B-912E-4E77-802B-AAD256C0FF99} = {246F1C9F-6A01-4663-B169-B7DDD2BFC3A0}
		{A4FD65F6-2F4B-416E-B8F3-DDE2EA908E06} = {246F1C9F-6A01-4663-B169-B7DDD2BFC3A0}
		{A83C11FA-61A2-4A80-9BC2-4B64E7B3AF60} = {246F1C9F-6A01-4663-B169-B7DDD2BFC3A0}
		{4FDF7A22-3307-4F7C-A2A4-BDE946F22DDF} = {246F1C9F-6A01-4663-B169-B7DDD2BFC3A0}
		{45AE2F29-021A-4810-8EFB-CFA71E6E3A28} = {246F1C9F-6A01-4663-B169-B7DDD2BFC3A0}
		{237C8835-C45D-4D7E-8D1E-EC88754E77C6} = {246F1C9F-6A01-4663-B169-B7DDD2BFC3A0}
		{E647EBB8-EDD5-47BC-BA94-7F630D4DF29A} = {246F1C9F-6A01-4663-B169-B7DDD2BFC3A0}
		{ACC6DB85-9EA2-4D49-9A43-DD7CCECB78D7} = {246F1C9F-6A01-4663-B169-B7DDD2BFC3A0}
		{2EF540B9-148F-46F3-BBD0-4A1D9A7D5AAB} = {246F1C9F-6A01-4663-B169-B7DDD2BFC3A0}
		{337AE012-49BD-4964-BD02-B391CF6A4871} = {246F1C9F-6A01-4663-B169-B7DDD2BFC3A0}
		{467AB08B-781B-47D6-A0F6-1AAEE1BAB8B0} = {246F1C9F-6A01-4663-B169-B7DDD2BFC3A0}
		{C684FC7D-FEC6-4A70-93EE-9A15AB8CE87B} = {246F1C9F-6A01-4663-B169-B7DDD2BFC3A0}
		{FA8817C1-592E-46E3-BF0E-1DDBE3E94157} = {246F1C9F-6A01-4663-B169-B7DDD2BFC3A0}
		{30EE03A5-1E23-4EB0-8972-1C98B91CE1FE} = {246F1C9F-6A01-4663-B169-B7DDD2BFC3A0}
		{DDC9F892-E2D7-4AF0-88C7-4A62DA96F7BA} = {246F1C9F-6A01-4663-B169-B7DDD2BFC3A0}
		{E9A078B5-8340-425E-B7B8-D3D5F390D50A} = {246F1C9F-6A01-4663-B169-B7DDD2BFC3A0}
		{32B9B7CD-0093-46A7-9343-F2FEAA3FD86C} = {246F1C9F-6A01-4663-B169-B7DDD2BFC3A0}
		{857030D7-1991-4305-AE4C-32972A9A32BF} = {246F1C9F-6A01-4663-B169-B7DDD2BFC3A0}
		{69B7DB24-BF5F-42CF-9A06-11A0C0D7E3E5} = {246F1C9F-6A01-4663-B169-B7DDD2BFC3A0}
		{773382A6-4CEC-4BAA-B745-66193E509750} = {246F1C9F-6A01-4663-B169-B7DDD2BFC3A0}
		{26D9E7E2-0202-438B-956B-BCF6444F8E06} = {246F1C9F-6A01-4663-B169-B7DDD2BFC3A0}
		{9200A11F-E229-4622-B80E-895BCAF4D00C} = {246F1C9F-6A01-4663-B169-B7DDD2BFC3A0}
		{A87FFD4E-AE4B-4D42-9E65-8494C943631C} = {246F1C9F-6A01-4663-B169-B7DDD2BFC3A0}
		{E73DAA65-2A6B-4B76-B611-C40675E9EE5F} = {246F1C9F-6A01-4663-B169-B7DDD2BFC3A0}
		{E0DCC1B9-8BC4-4324-9DB0-649D763F2E2C} = {246F1C9F-6A01-4663-B169-B7DDD2BFC3A0}
		{FCCD5C34-5767-4A4C-9064-1F00D07242AF} = {246F1C9F-6A01-4663-B169-B7DDD2BFC3A0}
		{0BD12ABA-C7FB-469A-B2D0-F004C97C090C} = {246F1C9F-6A01-4663-B169-B7DDD2BFC3A0}
		{0DF7BB8E-EA48-4CFF-BEE4-AA1CC412D49A} = {246F1C9F-6A01-4663-B169-B7DDD2BFC3A0}
		{A05650DC-7FFF-441A-AC85-08A217F36C1F} = {246F1C9F-6A01-4663-B169-B7DDD2BFC3A0}
		{E2E1A235-AFAF-4EB2-96B0-E2E8C4E8F44C} = {E421F14D-047F-42BA-9AE0-9EE2ABFC1352}
		{FDD5E5B5-5EC9-4C3B-9828-F4264AAD451D} = {E421F14D-047F-42BA-9AE0-9EE2ABFC1352}
		{E7B0848E-A1F3-4533-8DA4-C6B2DB2998F2} = {E421F14D-047F-42BA-9AE0-9EE2ABFC1352}
		{1EE9CDA2-719F-4EC9-BA25-704EA75E56F0} = {E421F14D-047F-42BA-9AE0-9EE2ABFC1352}
		{AA74D7DB-6FA2-41F7-ADAC-B91010D196CE} = {E421F14D-047F-42BA-9AE0-9EE2ABFC1352}
		{E6465D57-7D51-44D6-98DD-170CDBE55610} = {E421F14D-047F-42BA-9AE0-9EE2ABFC1352}
		{3D24FD02-9101-4AA3-85FD-4AB1B0320335} = {E421F14D-047F-42BA-9AE0-9EE2ABFC1352}
		{EA50E984-2AF3-4B8B-BBC2-BE26F7BED278} = {E421F14D-047F-42BA-9AE0-9EE2ABFC1352}
		{BB1D053D-097A-4F73-B369-CDA23A3C7FEA} = {E421F14D-047F-42BA-9AE0-9EE2ABFC1352}
		{CB41EE81-81D9-43B0-ADBF-472A6D423811} = {E421F14D-047F-42BA-9AE0-9EE2ABFC1352}
		{E46CEBE9-8FA2-415B-97BA-CBD7C2A360FA} = {E421F14D-047F-42BA-9AE0-9EE2ABFC1352}
		{65DDFDF4-FAF4-4A0C-8E82-7B76B2FD24C0} = {E421F14D-047F-42BA-9AE0-9EE2ABFC1352}
	EndGlobalSection
EndGlobal
